// !$*UTF8*$!
{
	archiveVersion = 1;
	classes = {
	};
	objectVersion = 46;
	objects = {

/* Begin PBXBuildFile section */
		FF9C44591B184F0F00BE7D55 /* AppDelegate.swift in Sources */ = {isa = PBXBuildFile; fileRef = FF9C44581B184F0F00BE7D55 /* AppDelegate.swift */; };
		FF9C445C1B184F0F00BE7D55 /* ExchangeAGram.xcdatamodeld in Sources */ = {isa = PBXBuildFile; fileRef = FF9C445A1B184F0F00BE7D55 /* ExchangeAGram.xcdatamodeld */; };
		FF9C445E1B184F0F00BE7D55 /* ViewController.swift in Sources */ = {isa = PBXBuildFile; fileRef = FF9C445D1B184F0F00BE7D55 /* ViewController.swift */; };
		FF9C44611B184F0F00BE7D55 /* Main.storyboard in Resources */ = {isa = PBXBuildFile; fileRef = FF9C445F1B184F0F00BE7D55 /* Main.storyboard */; };
		FF9C44631B184F0F00BE7D55 /* Images.xcassets in Resources */ = {isa = PBXBuildFile; fileRef = FF9C44621B184F0F00BE7D55 /* Images.xcassets */; };
		FF9C44661B184F0F00BE7D55 /* LaunchScreen.xib in Resources */ = {isa = PBXBuildFile; fileRef = FF9C44641B184F0F00BE7D55 /* LaunchScreen.xib */; };
		FF9C44721B184F0F00BE7D55 /* ExchangeAGramTests.swift in Sources */ = {isa = PBXBuildFile; fileRef = FF9C44711B184F0F00BE7D55 /* ExchangeAGramTests.swift */; };
/* End PBXBuildFile section */

/* Begin PBXContainerItemProxy section */
		FF9C446C1B184F0F00BE7D55 /* PBXContainerItemProxy */ = {
			isa = PBXContainerItemProxy;
			containerPortal = FF9C444B1B184F0F00BE7D55 /* Project object */;
			proxyType = 1;
			remoteGlobalIDString = FF9C44521B184F0F00BE7D55;
			remoteInfo = ExchangeAGram;
		};
/* End PBXContainerItemProxy section */

/* Begin PBXFileReference section */
		FF9C44531B184F0F00BE7D55 /* ExchangeAGram.app */ = {isa = PBXFileReference; explicitFileType = wrapper.application; includeInIndex = 0; path = ExchangeAGram.app; sourceTree = BUILT_PRODUCTS_DIR; };
		FF9C44571B184F0F00BE7D55 /* Info.plist */ = {isa = PBXFileReference; lastKnownFileType = text.plist.xml; path = Info.plist; sourceTree = "<group>"; };
		FF9C44581B184F0F00BE7D55 /* AppDelegate.swift */ = {isa = PBXFileReference; lastKnownFileType = sourcecode.swift; path = AppDelegate.swift; sourceTree = "<group>"; };
		FF9C445B1B184F0F00BE7D55 /* ExchangeAGram.xcdatamodel */ = {isa = PBXFileReference; lastKnownFileType = wrapper.xcdatamodel; path = ExchangeAGram.xcdatamodel; sourceTree = "<group>"; };
		FF9C445D1B184F0F00BE7D55 /* ViewController.swift */ = {isa = PBXFileReference; lastKnownFileType = sourcecode.swift; path = ViewController.swift; sourceTree = "<group>"; };
		FF9C44601B184F0F00BE7D55 /* Base */ = {isa = PBXFileReference; lastKnownFileType = file.storyboard; name = Base; path = Base.lproj/Main.storyboard; sourceTree = "<group>"; };
		FF9C44621B184F0F00BE7D55 /* Images.xcassets */ = {isa = PBXFileReference; lastKnownFileType = folder.assetcatalog; path = Images.xcassets; sourceTree = "<group>"; };
		FF9C44651B184F0F00BE7D55 /* Base */ = {isa = PBXFileReference; lastKnownFileType = file.xib; name = Base; path = Base.lproj/LaunchScreen.xib; sourceTree = "<group>"; };
		FF9C446B1B184F0F00BE7D55 /* ExchangeAGramTests.xctest */ = {isa = PBXFileReference; explicitFileType = wrapper.cfbundle; includeInIndex = 0; path = ExchangeAGramTests.xctest; sourceTree = BUILT_PRODUCTS_DIR; };
		FF9C44701B184F0F00BE7D55 /* Info.plist */ = {isa = PBXFileReference; lastKnownFileType = text.plist.xml; path = Info.plist; sourceTree = "<group>"; };
		FF9C44711B184F0F00BE7D55 /* ExchangeAGramTests.swift */ = {isa = PBXFileReference; lastKnownFileType = sourcecode.swift; path = ExchangeAGramTests.swift; sourceTree = "<group>"; };
/* End PBXFileReference section */

/* Begin PBXFrameworksBuildPhase section */
		FF9C44501B184F0F00BE7D55 /* Frameworks */ = {
			isa = PBXFrameworksBuildPhase;
			buildActionMask = 2147483647;
			files = (
			);
			runOnlyForDeploymentPostprocessing = 0;
		};
		FF9C44681B184F0F00BE7D55 /* Frameworks */ = {
			isa = PBXFrameworksBuildPhase;
			buildActionMask = 2147483647;
			files = (
			);
			runOnlyForDeploymentPostprocessing = 0;
		};
/* End PBXFrameworksBuildPhase section */

/* Begin PBXGroup section */
		FF9C444A1B184F0F00BE7D55 = {
			isa = PBXGroup;
			children = (
				FF9C44551B184F0F00BE7D55 /* ExchangeAGram */,
				FF9C446E1B184F0F00BE7D55 /* ExchangeAGramTests */,
				FF9C44541B184F0F00BE7D55 /* Products */,
			);
			sourceTree = "<group>";
		};
		FF9C44541B184F0F00BE7D55 /* Products */ = {
			isa = PBXGroup;
			children = (
				FF9C44531B184F0F00BE7D55 /* ExchangeAGram.app */,
				FF9C446B1B184F0F00BE7D55 /* ExchangeAGramTests.xctest */,
			);
			name = Products;
			sourceTree = "<group>";
		};
		FF9C44551B184F0F00BE7D55 /* ExchangeAGram */ = {
			isa = PBXGroup;
			children = (
				FF9C44581B184F0F00BE7D55 /* AppDelegate.swift */,
				FF9C445D1B184F0F00BE7D55 /* ViewController.swift */,
				FF9C445F1B184F0F00BE7D55 /* Main.storyboard */,
				FF9C44621B184F0F00BE7D55 /* Images.xcassets */,
				FF9C44641B184F0F00BE7D55 /* LaunchScreen.xib */,
				FF9C445A1B184F0F00BE7D55 /* ExchangeAGram.xcdatamodeld */,
				FF9C44561B184F0F00BE7D55 /* Supporting Files */,
			);
			path = ExchangeAGram;
			sourceTree = "<group>";
		};
		FF9C44561B184F0F00BE7D55 /* Supporting Files */ = {
			isa = PBXGroup;
			children = (
				FF9C44571B184F0F00BE7D55 /* Info.plist */,
			);
			name = "Supporting Files";
			sourceTree = "<group>";
		};
		FF9C446E1B184F0F00BE7D55 /* ExchangeAGramTests */ = {
			isa = PBXGroup;
			children = (
				FF9C44711B184F0F00BE7D55 /* ExchangeAGramTests.swift */,
				FF9C446F1B184F0F00BE7D55 /* Supporting Files */,
			);
			path = ExchangeAGramTests;
			sourceTree = "<group>";
		};
		FF9C446F1B184F0F00BE7D55 /* Supporting Files */ = {
			isa = PBXGroup;
			children = (
				FF9C44701B184F0F00BE7D55 /* Info.plist */,
			);
			name = "Supporting Files";
			sourceTree = "<group>";
		};
/* End PBXGroup section */

/* Begin PBXNativeTarget section */
		FF9C44521B184F0F00BE7D55 /* ExchangeAGram */ = {
			isa = PBXNativeTarget;
			buildConfigurationList = FF9C44751B184F0F00BE7D55 /* Build configuration list for PBXNativeTarget "ExchangeAGram" */;
			buildPhases = (
				FF9C444F1B184F0F00BE7D55 /* Sources */,
				FF9C44501B184F0F00BE7D55 /* Frameworks */,
				FF9C44511B184F0F00BE7D55 /* Resources */,
			);
			buildRules = (
			);
			dependencies = (
			);
			name = ExchangeAGram;
			productName = ExchangeAGram;
			productReference = FF9C44531B184F0F00BE7D55 /* ExchangeAGram.app */;
			productType = "com.apple.product-type.application";
		};
		FF9C446A1B184F0F00BE7D55 /* ExchangeAGramTests */ = {
			isa = PBXNativeTarget;
			buildConfigurationList = FF9C44781B184F0F00BE7D55 /* Build configuration list for PBXNativeTarget "ExchangeAGramTests" */;
			buildPhases = (
				FF9C44671B184F0F00BE7D55 /* Sources */,
				FF9C44681B184F0F00BE7D55 /* Frameworks */,
				FF9C44691B184F0F00BE7D55 /* Resources */,
			);
			buildRules = (
			);
			dependencies = (
				FF9C446D1B184F0F00BE7D55 /* PBXTargetDependency */,
			);
			name = ExchangeAGramTests;
			productName = ExchangeAGramTests;
			productReference = FF9C446B1B184F0F00BE7D55 /* ExchangeAGramTests.xctest */;
			productType = "com.apple.product-type.bundle.unit-test";
		};
/* End PBXNativeTarget section */

/* Begin PBXProject section */
		FF9C444B1B184F0F00BE7D55 /* Project object */ = {
			isa = PBXProject;
			attributes = {
				LastUpgradeCheck = 0610;
				ORGANIZATIONNAME = "Janan Rajaratnam";
				TargetAttributes = {
					FF9C44521B184F0F00BE7D55 = {
						CreatedOnToolsVersion = 6.1.1;
					};
					FF9C446A1B184F0F00BE7D55 = {
						CreatedOnToolsVersion = 6.1.1;
						TestTargetID = FF9C44521B184F0F00BE7D55;
					};
				};
			};
			buildConfigurationList = FF9C444E1B184F0F00BE7D55 /* Build configuration list for PBXProject "ExchangeAGram" */;
			compatibilityVersion = "Xcode 3.2";
			developmentRegion = English;
			hasScannedForEncodings = 0;
			knownRegions = (
				en,
				Base,
			);
			mainGroup = FF9C444A1B184F0F00BE7D55;
			productRefGroup = FF9C44541B184F0F00BE7D55 /* Products */;
			projectDirPath = "";
			projectRoot = "";
			targets = (
				FF9C44521B184F0F00BE7D55 /* ExchangeAGram */,
				FF9C446A1B184F0F00BE7D55 /* ExchangeAGramTests */,
			);
		};
/* End PBXProject section */

/* Begin PBXResourcesBuildPhase section */
		FF9C44511B184F0F00BE7D55 /* Resources */ = {
			isa = PBXResourcesBuildPhase;
			buildActionMask = 2147483647;
			files = (
				FF9C44611B184F0F00BE7D55 /* Main.storyboard in Resources */,
				FF9C44661B184F0F00BE7D55 /* LaunchScreen.xib in Resources */,
				FF9C44631B184F0F00BE7D55 /* Images.xcassets in Resources */,
			);
			runOnlyForDeploymentPostprocessing = 0;
		};
		FF9C44691B184F0F00BE7D55 /* Resources */ = {
			isa = PBXResourcesBuildPhase;
			buildActionMask = 2147483647;
			files = (
			);
			runOnlyForDeploymentPostprocessing = 0;
		};
/* End PBXResourcesBuildPhase section */

/* Begin PBXSourcesBuildPhase section */
		FF9C444F1B184F0F00BE7D55 /* Sources */ = {
			isa = PBXSourcesBuildPhase;
			buildActionMask = 2147483647;
			files = (
				FF9C445E1B184F0F00BE7D55 /* ViewController.swift in Sources */,
				FF9C44591B184F0F00BE7D55 /* AppDelegate.swift in Sources */,
				FF9C445C1B184F0F00BE7D55 /* ExchangeAGram.xcdatamodeld in Sources */,
			);
			runOnlyForDeploymentPostprocessing = 0;
		};
		FF9C44671B184F0F00BE7D55 /* Sources */ = {
			isa = PBXSourcesBuildPhase;
			buildActionMask = 2147483647;
			files = (
				FF9C44721B184F0F00BE7D55 /* ExchangeAGramTests.swift in Sources */,
			);
			runOnlyForDeploymentPostprocessing = 0;
		};
/* End PBXSourcesBuildPhase section */

/* Begin PBXTargetDependency section */
		FF9C446D1B184F0F00BE7D55 /* PBXTargetDependency */ = {
			isa = PBXTargetDependency;
			target = FF9C44521B184F0F00BE7D55 /* ExchangeAGram */;
			targetProxy = FF9C446C1B184F0F00BE7D55 /* PBXContainerItemProxy */;
		};
/* End PBXTargetDependency section */

/* Begin PBXVariantGroup section */
		FF9C445F1B184F0F00BE7D55 /* Main.storyboard */ = {
			isa = PBXVariantGroup;
			children = (
				FF9C44601B184F0F00BE7D55 /* Base */,
			);
			name = Main.storyboard;
			sourceTree = "<group>";
		};
		FF9C44641B184F0F00BE7D55 /* LaunchScreen.xib */ = {
			isa = PBXVariantGroup;
			children = (
				FF9C44651B184F0F00BE7D55 /* Base */,
			);
			name = LaunchScreen.xib;
			sourceTree = "<group>";
		};
/* End PBXVariantGroup section */

/* Begin XCBuildConfiguration section */
		FF9C44731B184F0F00BE7D55 /* Debug */ = {
			isa = XCBuildConfiguration;
			buildSettings = {
				ALWAYS_SEARCH_USER_PATHS = NO;
				CLANG_CXX_LANGUAGE_STANDARD = "gnu++0x";
				CLANG_CXX_LIBRARY = "libc++";
				CLANG_ENABLE_MODULES = YES;
				CLANG_ENABLE_OBJC_ARC = YES;
				CLANG_WARN_BOOL_CONVERSION = YES;
				CLANG_WARN_CONSTANT_CONVERSION = YES;
				CLANG_WARN_DIRECT_OBJC_ISA_USAGE = YES_ERROR;
				CLANG_WARN_EMPTY_BODY = YES;
				CLANG_WARN_ENUM_CONVERSION = YES;
				CLANG_WARN_INT_CONVERSION = YES;
				CLANG_WARN_OBJC_ROOT_CLASS = YES_ERROR;
				CLANG_WARN_UNREACHABLE_CODE = YES;
				CLANG_WARN__DUPLICATE_METHOD_MATCH = YES;
				"CODE_SIGN_IDENTITY[sdk=iphoneos*]" = "iPhone Developer";
				COPY_PHASE_STRIP = NO;
				ENABLE_STRICT_OBJC_MSGSEND = YES;
				GCC_C_LANGUAGE_STANDARD = gnu99;
				GCC_DYNAMIC_NO_PIC = NO;
				GCC_OPTIMIZATION_LEVEL = 0;
				GCC_PREPROCESSOR_DEFINITIONS = (
					"DEBUG=1",
					"$(inherited)",
				);
				GCC_SYMBOLS_PRIVATE_EXTERN = NO;
				GCC_WARN_64_TO_32_BIT_CONVERSION = YES;
				GCC_WARN_ABOUT_RETURN_TYPE = YES_ERROR;
				GCC_WARN_UNDECLARED_SELECTOR = YES;
				GCC_WARN_UNINITIALIZED_AUTOS = YES_AGGRESSIVE;
				GCC_WARN_UNUSED_FUNCTION = YES;
				GCC_WARN_UNUSED_VARIABLE = YES;
				IPHONEOS_DEPLOYMENT_TARGET = 8.1;
				MTL_ENABLE_DEBUG_INFO = YES;
				ONLY_ACTIVE_ARCH = YES;
				SDKROOT = iphoneos;
				SWIFT_OPTIMIZATION_LEVEL = "-Onone";
				TARGETED_DEVICE_FAMILY = "1,2";
			};
			name = Debug;
		};
		FF9C44741B184F0F00BE7D55 /* Release */ = {
			isa = XCBuildConfiguration;
			buildSettings = {
				ALWAYS_SEARCH_USER_PATHS = NO;
				CLANG_CXX_LANGUAGE_STANDARD = "gnu++0x";
				CLANG_CXX_LIBRARY = "libc++";
				CLANG_ENABLE_MODULES = YES;
				CLANG_ENABLE_OBJC_ARC = YES;
				CLANG_WARN_BOOL_CONVERSION = YES;
				CLANG_WARN_CONSTANT_CONVERSION = YES;
				CLANG_WARN_DIRECT_OBJC_ISA_USAGE = YES_ERROR;
				CLANG_WARN_EMPTY_BODY = YES;
				CLANG_WARN_ENUM_CONVERSION = YES;
				CLANG_WARN_INT_CONVERSION = YES;
				CLANG_WARN_OBJC_ROOT_CLASS = YES_ERROR;
				CLANG_WARN_UNREACHABLE_CODE = YES;
				CLANG_WARN__DUPLICATE_METHOD_MATCH = YES;
				"CODE_SIGN_IDENTITY[sdk=iphoneos*]" = "iPhone Developer";
				COPY_PHASE_STRIP = YES;
				ENABLE_NS_ASSERTIONS = NO;
				ENABLE_STRICT_OBJC_MSGSEND = YES;
				GCC_C_LANGUAGE_STANDARD = gnu99;
				GCC_WARN_64_TO_32_BIT_CONVERSION = YES;
				GCC_WARN_ABOUT_RETURN_TYPE = YES_ERROR;
				GCC_WARN_UNDECLARED_SELECTOR = YES;
				GCC_WARN_UNINITIALIZED_AUTOS = YES_AGGRESSIVE;
				GCC_WARN_UNUSED_FUNCTION = YES;
				GCC_WARN_UNUSED_VARIABLE = YES;
				IPHONEOS_DEPLOYMENT_TARGET = 8.1;
				MTL_ENABLE_DEBUG_INFO = NO;
				SDKROOT = iphoneos;
				TARGETED_DEVICE_FAMILY = "1,2";
				VALIDATE_PRODUCT = YES;
			};
			name = Release;
		};
		FF9C44761B184F0F00BE7D55 /* Debug */ = {
			isa = XCBuildConfiguration;
			buildSettings = {
				ASSETCATALOG_COMPILER_APPICON_NAME = AppIcon;
				INFOPLIST_FILE = ExchangeAGram/Info.plist;
				LD_RUNPATH_SEARCH_PATHS = "$(inherited) @executable_path/Frameworks";
				PRODUCT_NAME = "$(TARGET_NAME)";
			};
			name = Debug;
		};
		FF9C44771B184F0F00BE7D55 /* Release */ = {
			isa = XCBuildConfiguration;
			buildSettings = {
				ASSETCATALOG_COMPILER_APPICON_NAME = AppIcon;
				INFOPLIST_FILE = ExchangeAGram/Info.plist;
				LD_RUNPATH_SEARCH_PATHS = "$(inherited) @executable_path/Frameworks";
				PRODUCT_NAME = "$(TARGET_NAME)";
			};
			name = Release;
		};
		FF9C44791B184F0F00BE7D55 /* Debug */ = {
			isa = XCBuildConfiguration;
			buildSettings = {
				BUNDLE_LOADER = "$(TEST_HOST)";
				FRAMEWORK_SEARCH_PATHS = (
					"$(SDKROOT)/Developer/Library/Frameworks",
					"$(inherited)",
				);
				GCC_PREPROCESSOR_DEFINITIONS = (
					"DEBUG=1",
					"$(inherited)",
				);
				INFOPLIST_FILE = ExchangeAGramTests/Info.plist;
				LD_RUNPATH_SEARCH_PATHS = "$(inherited) @executable_path/Frameworks @loader_path/Frameworks";
				PRODUCT_NAME = "$(TARGET_NAME)";
				TEST_HOST = "$(BUILT_PRODUCTS_DIR)/ExchangeAGram.app/ExchangeAGram";
			};
			name = Debug;
		};
		FF9C447A1B184F0F00BE7D55 /* Release */ = {
			isa = XCBuildConfiguration;
			buildSettings = {
				BUNDLE_LOADER = "$(TEST_HOST)";
				FRAMEWORK_SEARCH_PATHS = (
					"$(SDKROOT)/Developer/Library/Frameworks",
					"$(inherited)",
				);
				INFOPLIST_FILE = ExchangeAGramTests/Info.plist;
				LD_RUNPATH_SEARCH_PATHS = "$(inherited) @executable_path/Frameworks @loader_path/Frameworks";
				PRODUCT_NAME = "$(TARGET_NAME)";
				TEST_HOST = "$(BUILT_PRODUCTS_DIR)/ExchangeAGram.app/ExchangeAGram";
			};
			name = Release;
		};
/* End XCBuildConfiguration section */

/* Begin XCConfigurationList section */
		FF9C444E1B184F0F00BE7D55 /* Build configuration list for PBXProject "ExchangeAGram" */ = {
			isa = XCConfigurationList;
			buildConfigurations = (
				FF9C44731B184F0F00BE7D55 /* Debug */,
				FF9C44741B184F0F00BE7D55 /* Release */,
			);
			defaultConfigurationIsVisible = 0;
			defaultConfigurationName = Release;
		};
		FF9C44751B184F0F00BE7D55 /* Build configuration list for PBXNativeTarget "ExchangeAGram" */ = {
			isa = XCConfigurationList;
			buildConfigurations = (
				FF9C44761B184F0F00BE7D55 /* Debug */,
				FF9C44771B184F0F00BE7D55 /* Release */,
			);
			defaultConfigurationIsVisible = 0;
		};
		FF9C44781B184F0F00BE7D55 /* Build configuration list for PBXNativeTarget "ExchangeAGramTests" */ = {
			isa = XCConfigurationList;
			buildConfigurations = (
				FF9C44791B184F0F00BE7D55 /* Debug */,
				FF9C447A1B184F0F00BE7D55 /* Release */,
			);
			defaultConfigurationIsVisible = 0;
		};
/* End XCConfigurationList section */

/* Begin XCVersionGroup section */
		FF9C445A1B184F0F00BE7D55 /* ExchangeAGram.xcdatamodeld */ = {
			isa = XCVersionGroup;
			children = (
				FF9C445B1B184F0F00BE7D55 /* ExchangeAGram.xcdatamodel */,
			);
			currentVersion = FF9C445B1B184F0F00BE7D55 /* ExchangeAGram.xcdatamodel */;
			path = ExchangeAGram.xcdatamodeld;
			sourceTree = "<group>";
			versionGroupType = wrapper.xcdatamodel;
		};
/* End XCVersionGroup section */
	};
	rootObject = FF9C444B1B184F0F00BE7D55 /* Project object */;
}
